// !$*UTF8*$!
{
	archiveVersion = 1;
	classes = {
	};
	objectVersion = 55;
	objects = {

/* Begin PBXBuildFile section */
		847FF5A027FCF007000B769F /* AddNewView.swift in Sources */ = {isa = PBXBuildFile; fileRef = 847FF59F27FCF007000B769F /* AddNewView.swift */; };
		847FF5A227FCF254000B769F /* TodoViewCell.swift in Sources */ = {isa = PBXBuildFile; fileRef = 847FF5A127FCF254000B769F /* TodoViewCell.swift */; };
		84AE623527FA5A7A00453C4F /* MarkitApp.swift in Sources */ = {isa = PBXBuildFile; fileRef = 84AE623427FA5A7A00453C4F /* MarkitApp.swift */; };
		84AE623727FA5A7A00453C4F /* ContentView.swift in Sources */ = {isa = PBXBuildFile; fileRef = 84AE623627FA5A7A00453C4F /* ContentView.swift */; };
		84AE623927FA5A7B00453C4F /* Assets.xcassets in Resources */ = {isa = PBXBuildFile; fileRef = 84AE623827FA5A7B00453C4F /* Assets.xcassets */; };
		84AE623C27FA5A7B00453C4F /* Preview Assets.xcassets in Resources */ = {isa = PBXBuildFile; fileRef = 84AE623B27FA5A7B00453C4F /* Preview Assets.xcassets */; };
		84AE623E27FA5A7B00453C4F /* Persistence.swift in Sources */ = {isa = PBXBuildFile; fileRef = 84AE623D27FA5A7B00453C4F /* Persistence.swift */; };
		84AE624127FA5A7B00453C4F /* Markit.xcdatamodeld in Sources */ = {isa = PBXBuildFile; fileRef = 84AE623F27FA5A7B00453C4F /* Markit.xcdatamodeld */; };
		84AE624827FA5AEF00453C4F /* HomeView.swift in Sources */ = {isa = PBXBuildFile; fileRef = 84AE624727FA5AEF00453C4F /* HomeView.swift */; };
		84AE624A27FA5BA000453C4F /* HomeViewModal.swift in Sources */ = {isa = PBXBuildFile; fileRef = 84AE624927FA5BA000453C4F /* HomeViewModal.swift */; };
		84AE624C27FA5C3500453C4F /* CoreDataManager.swift in Sources */ = {isa = PBXBuildFile; fileRef = 84AE624B27FA5C3500453C4F /* CoreDataManager.swift */; };
/* End PBXBuildFile section */

/* Begin PBXFileReference section */
		847FF59F27FCF007000B769F /* AddNewView.swift */ = {isa = PBXFileReference; lastKnownFileType = sourcecode.swift; path = AddNewView.swift; sourceTree = "<group>"; };
		847FF5A127FCF254000B769F /* TodoViewCell.swift */ = {isa = PBXFileReference; lastKnownFileType = sourcecode.swift; path = TodoViewCell.swift; sourceTree = "<group>"; };
		84AE623127FA5A7A00453C4F /* Markit.app */ = {isa = PBXFileReference; explicitFileType = wrapper.application; includeInIndex = 0; path = Markit.app; sourceTree = BUILT_PRODUCTS_DIR; };
		84AE623427FA5A7A00453C4F /* MarkitApp.swift */ = {isa = PBXFileReference; lastKnownFileType = sourcecode.swift; path = MarkitApp.swift; sourceTree = "<group>"; };
		84AE623627FA5A7A00453C4F /* ContentView.swift */ = {isa = PBXFileReference; lastKnownFileType = sourcecode.swift; path = ContentView.swift; sourceTree = "<group>"; };
		84AE623827FA5A7B00453C4F /* Assets.xcassets */ = {isa = PBXFileReference; lastKnownFileType = folder.assetcatalog; path = Assets.xcassets; sourceTree = "<group>"; };
		84AE623B27FA5A7B00453C4F /* Preview Assets.xcassets */ = {isa = PBXFileReference; lastKnownFileType = folder.assetcatalog; path = "Preview Assets.xcassets"; sourceTree = "<group>"; };
		84AE623D27FA5A7B00453C4F /* Persistence.swift */ = {isa = PBXFileReference; lastKnownFileType = sourcecode.swift; path = Persistence.swift; sourceTree = "<group>"; };
		84AE624027FA5A7B00453C4F /* Markit.xcdatamodel */ = {isa = PBXFileReference; lastKnownFileType = wrapper.xcdatamodel; path = Markit.xcdatamodel; sourceTree = "<group>"; };
		84AE624727FA5AEF00453C4F /* HomeView.swift */ = {isa = PBXFileReference; lastKnownFileType = sourcecode.swift; path = HomeView.swift; sourceTree = "<group>"; };
		84AE624927FA5BA000453C4F /* HomeViewModal.swift */ = {isa = PBXFileReference; lastKnownFileType = sourcecode.swift; path = HomeViewModal.swift; sourceTree = "<group>"; };
		84AE624B27FA5C3500453C4F /* CoreDataManager.swift */ = {isa = PBXFileReference; lastKnownFileType = sourcecode.swift; path = CoreDataManager.swift; sourceTree = "<group>"; };
/* End PBXFileReference section */

/* Begin PBXFrameworksBuildPhase section */
		84AE622E27FA5A7900453C4F /* Frameworks */ = {
			isa = PBXFrameworksBuildPhase;
			buildActionMask = 2147483647;
			files = (
			);
			runOnlyForDeploymentPostprocessing = 0;
		};
/* End PBXFrameworksBuildPhase section */

/* Begin PBXGroup section */
		847FF5A327FE56EF000B769F /* Views */ = {
			isa = PBXGroup;
			children = (
				847FF5A127FCF254000B769F /* TodoViewCell.swift */,
				84AE624727FA5AEF00453C4F /* HomeView.swift */,
				84AE623627FA5A7A00453C4F /* ContentView.swift */,
				847FF59F27FCF007000B769F /* AddNewView.swift */,
			);
			path = Views;
			sourceTree = "<group>";
		};
		847FF5A427FE5704000B769F /* ViewModals */ = {
			isa = PBXGroup;
			children = (
				84AE624927FA5BA000453C4F /* HomeViewModal.swift */,
			);
			path = ViewModals;
			sourceTree = "<group>";
		};
		847FF5A527FE570F000B769F /* CoreData */ = {
			isa = PBXGroup;
			children = (
				84AE623D27FA5A7B00453C4F /* Persistence.swift */,
				84AE624B27FA5C3500453C4F /* CoreDataManager.swift */,
				84AE623F27FA5A7B00453C4F /* Markit.xcdatamodeld */,
			);
			path = CoreData;
			sourceTree = "<group>";
		};
		84AE622827FA5A7900453C4F = {
			isa = PBXGroup;
			children = (
				84AE623327FA5A7A00453C4F /* Markit */,
				84AE623227FA5A7A00453C4F /* Products */,
			);
			sourceTree = "<group>";
		};
		84AE623227FA5A7A00453C4F /* Products */ = {
			isa = PBXGroup;
			children = (
				84AE623127FA5A7A00453C4F /* Markit.app */,
			);
			name = Products;
			sourceTree = "<group>";
		};
		84AE623327FA5A7A00453C4F /* Markit */ = {
			isa = PBXGroup;
			children = (
				847FF5A527FE570F000B769F /* CoreData */,
				847FF5A427FE5704000B769F /* ViewModals */,
				847FF5A327FE56EF000B769F /* Views */,
				84AE623427FA5A7A00453C4F /* MarkitApp.swift */,
				84AE623827FA5A7B00453C4F /* Assets.xcassets */,
				84AE623A27FA5A7B00453C4F /* Preview Content */,
			);
			path = Markit;
			sourceTree = "<group>";
		};
		84AE623A27FA5A7B00453C4F /* Preview Content */ = {
			isa = PBXGroup;
			children = (
				84AE623B27FA5A7B00453C4F /* Preview Assets.xcassets */,
			);
			path = "Preview Content";
			sourceTree = "<group>";
		};
/* End PBXGroup section */

/* Begin PBXNativeTarget section */
		84AE623027FA5A7900453C4F /* Markit */ = {
			isa = PBXNativeTarget;
			buildConfigurationList = 84AE624427FA5A7B00453C4F /* Build configuration list for PBXNativeTarget "Markit" */;
			buildPhases = (
				84AE622D27FA5A7900453C4F /* Sources */,
				84AE622E27FA5A7900453C4F /* Frameworks */,
				84AE622F27FA5A7900453C4F /* Resources */,
			);
			buildRules = (
			);
			dependencies = (
			);
			name = Markit;
			productName = Markit;
			productReference = 84AE623127FA5A7A00453C4F /* Markit.app */;
			productType = "com.apple.product-type.application";
		};
/* End PBXNativeTarget section */

/* Begin PBXProject section */
		84AE622927FA5A7900453C4F /* Project object */ = {
			isa = PBXProject;
			attributes = {
				BuildIndependentTargetsInParallel = 1;
				LastSwiftUpdateCheck = 1330;
				LastUpgradeCheck = 1330;
				TargetAttributes = {
					84AE623027FA5A7900453C4F = {
						CreatedOnToolsVersion = 13.3;
					};
				};
			};
			buildConfigurationList = 84AE622C27FA5A7900453C4F /* Build configuration list for PBXProject "Markit" */;
			compatibilityVersion = "Xcode 13.0";
			developmentRegion = en;
			hasScannedForEncodings = 0;
			knownRegions = (
				en,
				Base,
			);
			mainGroup = 84AE622827FA5A7900453C4F;
			productRefGroup = 84AE623227FA5A7A00453C4F /* Products */;
			projectDirPath = "";
			projectRoot = "";
			targets = (
				84AE623027FA5A7900453C4F /* Markit */,
			);
		};
/* End PBXProject section */

/* Begin PBXResourcesBuildPhase section */
		84AE622F27FA5A7900453C4F /* Resources */ = {
			isa = PBXResourcesBuildPhase;
			buildActionMask = 2147483647;
			files = (
				84AE623C27FA5A7B00453C4F /* Preview Assets.xcassets in Resources */,
				84AE623927FA5A7B00453C4F /* Assets.xcassets in Resources */,
			);
			runOnlyForDeploymentPostprocessing = 0;
		};
/* End PBXResourcesBuildPhase section */

/* Begin PBXSourcesBuildPhase section */
		84AE622D27FA5A7900453C4F /* Sources */ = {
			isa = PBXSourcesBuildPhase;
			buildActionMask = 2147483647;
			files = (
				84AE623E27FA5A7B00453C4F /* Persistence.swift in Sources */,
				847FF5A227FCF254000B769F /* TodoViewCell.swift in Sources */,
				847FF5A027FCF007000B769F /* AddNewView.swift in Sources */,
				84AE623727FA5A7A00453C4F /* ContentView.swift in Sources */,
				84AE623527FA5A7A00453C4F /* MarkitApp.swift in Sources */,
				84AE624827FA5AEF00453C4F /* HomeView.swift in Sources */,
				84AE624127FA5A7B00453C4F /* Markit.xcdatamodeld in Sources */,
				84AE624C27FA5C3500453C4F /* CoreDataManager.swift in Sources */,
				84AE624A27FA5BA000453C4F /* HomeViewModal.swift in Sources */,
			);
			runOnlyForDeploymentPostprocessing = 0;
		};
/* End PBXSourcesBuildPhase section */

/* Begin XCBuildConfiguration section */
		84AE624227FA5A7B00453C4F /* Debug */ = {
			isa = XCBuildConfiguration;
			buildSettings = {
				ALWAYS_SEARCH_USER_PATHS = NO;
				CLANG_ANALYZER_NONNULL = YES;
				CLANG_ANALYZER_NUMBER_OBJECT_CONVERSION = YES_AGGRESSIVE;
				CLANG_CXX_LANGUAGE_STANDARD = "gnu++17";
				CLANG_ENABLE_MODULES = YES;
				CLANG_ENABLE_OBJC_ARC = YES;
				CLANG_ENABLE_OBJC_WEAK = YES;
				CLANG_WARN_BLOCK_CAPTURE_AUTORELEASING = YES;
				CLANG_WARN_BOOL_CONVERSION = YES;
				CLANG_WARN_COMMA = YES;
				CLANG_WARN_CONSTANT_CONVERSION = YES;
				CLANG_WARN_DEPRECATED_OBJC_IMPLEMENTATIONS = YES;
				CLANG_WARN_DIRECT_OBJC_ISA_USAGE = YES_ERROR;
				CLANG_WARN_DOCUMENTATION_COMMENTS = YES;
				CLANG_WARN_EMPTY_BODY = YES;
				CLANG_WARN_ENUM_CONVERSION = YES;
				CLANG_WARN_INFINITE_RECURSION = YES;
				CLANG_WARN_INT_CONVERSION = YES;
				CLANG_WARN_NON_LITERAL_NULL_CONVERSION = YES;
				CLANG_WARN_OBJC_IMPLICIT_RETAIN_SELF = YES;
				CLANG_WARN_OBJC_LITERAL_CONVERSION = YES;
				CLANG_WARN_OBJC_ROOT_CLASS = YES_ERROR;
				CLANG_WARN_QUOTED_INCLUDE_IN_FRAMEWORK_HEADER = YES;
				CLANG_WARN_RANGE_LOOP_ANALYSIS = YES;
				CLANG_WARN_STRICT_PROTOTYPES = YES;
				CLANG_WARN_SUSPICIOUS_MOVE = YES;
				CLANG_WARN_UNGUARDED_AVAILABILITY = YES_AGGRESSIVE;
				CLANG_WARN_UNREACHABLE_CODE = YES;
				CLANG_WARN__DUPLICATE_METHOD_MATCH = YES;
				COPY_PHASE_STRIP = NO;
				DEBUG_INFORMATION_FORMAT = dwarf;
				ENABLE_STRICT_OBJC_MSGSEND = YES;
				ENABLE_TESTABILITY = YES;
				GCC_C_LANGUAGE_STANDARD = gnu11;
				GCC_DYNAMIC_NO_PIC = NO;
				GCC_NO_COMMON_BLOCKS = YES;
				GCC_OPTIMIZATION_LEVEL = 0;
				GCC_PREPROCESSOR_DEFINITIONS = (
					"DEBUG=1",
					"$(inherited)",
				);
				GCC_WARN_64_TO_32_BIT_CONVERSION = YES;
				GCC_WARN_ABOUT_RETURN_TYPE = YES_ERROR;
				GCC_WARN_UNDECLARED_SELECTOR = YES;
				GCC_WARN_UNINITIALIZED_AUTOS = YES_AGGRESSIVE;
				GCC_WARN_UNUSED_FUNCTION = YES;
				GCC_WARN_UNUSED_VARIABLE = YES;
				IPHONEOS_DEPLOYMENT_TARGET = 15.4;
				MTL_ENABLE_DEBUG_INFO = INCLUDE_SOURCE;
				MTL_FAST_MATH = YES;
				ONLY_ACTIVE_ARCH = YES;
				SDKROOT = iphoneos;
				SWIFT_ACTIVE_COMPILATION_CONDITIONS = DEBUG;
				SWIFT_OPTIMIZATION_LEVEL = "-Onone";
			};
			name = Debug;
		};
		84AE624327FA5A7B00453C4F /* Release */ = {
			isa = XCBuildConfiguration;
			buildSettings = {
				ALWAYS_SEARCH_USER_PATHS = NO;
				CLANG_ANALYZER_NONNULL = YES;
				CLANG_ANALYZER_NUMBER_OBJECT_CONVERSION = YES_AGGRESSIVE;
				CLANG_CXX_LANGUAGE_STANDARD = "gnu++17";
				CLANG_ENABLE_MODULES = YES;
				CLANG_ENABLE_OBJC_ARC = YES;
				CLANG_ENABLE_OBJC_WEAK = YES;
				CLANG_WARN_BLOCK_CAPTURE_AUTORELEASING = YES;
				CLANG_WARN_BOOL_CONVERSION = YES;
				CLANG_WARN_COMMA = YES;
				CLANG_WARN_CONSTANT_CONVERSION = YES;
				CLANG_WARN_DEPRECATED_OBJC_IMPLEMENTATIONS = YES;
				CLANG_WARN_DIRECT_OBJC_ISA_USAGE = YES_ERROR;
				CLANG_WARN_DOCUMENTATION_COMMENTS = YES;
				CLANG_WARN_EMPTY_BODY = YES;
				CLANG_WARN_ENUM_CONVERSION = YES;
				CLANG_WARN_INFINITE_RECURSION = YES;
				CLANG_WARN_INT_CONVERSION = YES;
				CLANG_WARN_NON_LITERAL_NULL_CONVERSION = YES;
				CLANG_WARN_OBJC_IMPLICIT_RETAIN_SELF = YES;
				CLANG_WARN_OBJC_LITERAL_CONVERSION = YES;
				CLANG_WARN_OBJC_ROOT_CLASS = YES_ERROR;
				CLANG_WARN_QUOTED_INCLUDE_IN_FRAMEWORK_HEADER = YES;
				CLANG_WARN_RANGE_LOOP_ANALYSIS = YES;
				CLANG_WARN_STRICT_PROTOTYPES = YES;
				CLANG_WARN_SUSPICIOUS_MOVE = YES;
				CLANG_WARN_UNGUARDED_AVAILABILITY = YES_AGGRESSIVE;
				CLANG_WARN_UNREACHABLE_CODE = YES;
				CLANG_WARN__DUPLICATE_METHOD_MATCH = YES;
				COPY_PHASE_STRIP = NO;
				DEBUG_INFORMATION_FORMAT = "dwarf-with-dsym";
				ENABLE_NS_ASSERTIONS = NO;
				ENABLE_STRICT_OBJC_MSGSEND = YES;
				GCC_C_LANGUAGE_STANDARD = gnu11;
				GCC_NO_COMMON_BLOCKS = YES;
				GCC_WARN_64_TO_32_BIT_CONVERSION = YES;
				GCC_WARN_ABOUT_RETURN_TYPE = YES_ERROR;
				GCC_WARN_UNDECLARED_SELECTOR = YES;
				GCC_WARN_UNINITIALIZED_AUTOS = YES_AGGRESSIVE;
				GCC_WARN_UNUSED_FUNCTION = YES;
				GCC_WARN_UNUSED_VARIABLE = YES;
				IPHONEOS_DEPLOYMENT_TARGET = 15.4;
				MTL_ENABLE_DEBUG_INFO = NO;
				MTL_FAST_MATH = YES;
				SDKROOT = iphoneos;
				SWIFT_COMPILATION_MODE = wholemodule;
				SWIFT_OPTIMIZATION_LEVEL = "-O";
				VALIDATE_PRODUCT = YES;
			};
			name = Release;
		};
		84AE624527FA5A7B00453C4F /* Debug */ = {
			isa = XCBuildConfiguration;
			buildSettings = {
				ASSETCATALOG_COMPILER_APPICON_NAME = AppIcon;
				ASSETCATALOG_COMPILER_GLOBAL_ACCENT_COLOR_NAME = AccentColor;
				CODE_SIGN_STYLE = Automatic;
				CURRENT_PROJECT_VERSION = 1;
				DEVELOPMENT_ASSET_PATHS = "\"Markit/Preview Content\"";
				DEVELOPMENT_TEAM = J65LKK6KZJ;
				ENABLE_PREVIEWS = YES;
				GENERATE_INFOPLIST_FILE = YES;
				INFOPLIST_KEY_UIApplicationSceneManifest_Generation = YES;
				INFOPLIST_KEY_UIApplicationSupportsIndirectInputEvents = YES;
				INFOPLIST_KEY_UILaunchScreen_Generation = YES;
				INFOPLIST_KEY_UISupportedInterfaceOrientations_iPad = "UIInterfaceOrientationPortrait UIInterfaceOrientationPortraitUpsideDown UIInterfaceOrientationLandscapeLeft UIInterfaceOrientationLandscapeRight";
				INFOPLIST_KEY_UISupportedInterfaceOrientations_iPhone = "UIInterfaceOrientationPortrait UIInterfaceOrientationLandscapeLeft UIInterfaceOrientationLandscapeRight";
				LD_RUNPATH_SEARCH_PATHS = (
					"$(inherited)",
					"@executable_path/Frameworks",
				);
				MARKETING_VERSION = 1.0;
				PRODUCT_BUNDLE_IDENTIFIER = com.x.Markit;
				PRODUCT_NAME = "$(TARGET_NAME)";
				SWIFT_EMIT_LOC_STRINGS = YES;
				SWIFT_VERSION = 5.0;
				TARGETED_DEVICE_FAMILY = "1,2";
			};
			name = Debug;
		};
		84AE624627FA5A7B00453C4F /* Release */ = {
			isa = XCBuildConfiguration;
			buildSettings = {
				ASSETCATALOG_COMPILER_APPICON_NAME = AppIcon;
				ASSETCATALOG_COMPILER_GLOBAL_ACCENT_COLOR_NAME = AccentColor;
				CODE_SIGN_STYLE = Automatic;
				CURRENT_PROJECT_VERSION = 1;
				DEVELOPMENT_ASSET_PATHS = "\"Markit/Preview Content\"";
				DEVELOPMENT_TEAM = J65LKK6KZJ;
				ENABLE_PREVIEWS = YES;
				GENERATE_INFOPLIST_FILE = YES;
				INFOPLIST_KEY_UIApplicationSceneManifest_Generation = YES;
				INFOPLIST_KEY_UIApplicationSupportsIndirectInputEvents = YES;
				INFOPLIST_KEY_UILaunchScreen_Generation = YES;
				INFOPLIST_KEY_UISupportedInterfaceOrientations_iPad = "UIInterfaceOrientationPortrait UIInterfaceOrientationPortraitUpsideDown UIInterfaceOrientationLandscapeLeft UIInterfaceOrientationLandscapeRight";
				INFOPLIST_KEY_UISupportedInterfaceOrientations_iPhone = "UIInterfaceOrientationPortrait UIInterfaceOrientationLandscapeLeft UIInterfaceOrientationLandscapeRight";
				LD_RUNPATH_SEARCH_PATHS = (
					"$(inherited)",
					"@executable_path/Frameworks",
				);
				MARKETING_VERSION = 1.0;
				PRODUCT_BUNDLE_IDENTIFIER = com.x.Markit;
				PRODUCT_NAME = "$(TARGET_NAME)";
				SWIFT_EMIT_LOC_STRINGS = YES;
				SWIFT_VERSION = 5.0;
				TARGETED_DEVICE_FAMILY = "1,2";
			};
			name = Release;
		};
/* End XCBuildConfiguration section */

/* Begin XCConfigurationList section */
		84AE622C27FA5A7900453C4F /* Build configuration list for PBXProject "Markit" */ = {
			isa = XCConfigurationList;
			buildConfigurations = (
				84AE624227FA5A7B00453C4F /* Debug */,
				84AE624327FA5A7B00453C4F /* Release */,
			);
			defaultConfigurationIsVisible = 0;
			defaultConfigurationName = Release;
		};
		84AE624427FA5A7B00453C4F /* Build configuration list for PBXNativeTarget "Markit" */ = {
			isa = XCConfigurationList;
			buildConfigurations = (
				84AE624527FA5A7B00453C4F /* Debug */,
				84AE624627FA5A7B00453C4F /* Release */,
			);
			defaultConfigurationIsVisible = 0;
			defaultConfigurationName = Release;
		};
/* End XCConfigurationList section */

/* Begin XCVersionGroup section */
		84AE623F27FA5A7B00453C4F /* Markit.xcdatamodeld */ = {
			isa = XCVersionGroup;
			children = (
				84AE624027FA5A7B00453C4F /* Markit.xcdatamodel */,
			);
			currentVersion = 84AE624027FA5A7B00453C4F /* Markit.xcdatamodel */;
			path = Markit.xcdatamodeld;
			sourceTree = "<group>";
			versionGroupType = wrapper.xcdatamodel;
		};
/* End XCVersionGroup section */
	};
	rootObject = 84AE622927FA5A7900453C4F /* Project object */;
}
